// !$*UTF8*$!
{
	archiveVersion = 1;
	classes = {
	};
	objectVersion = 46;
	objects = {

/* Begin PBXBuildFile section */
		F50D7CA819945410007AF3F8 /* MSDGameplayScene.m in Sources */ = {isa = PBXBuildFile; fileRef = F50D7CA719945410007AF3F8 /* MSDGameplayScene.m */; };
		F50D7CAB1994575C007AF3F8 /* MSDPlayerShipNode.m in Sources */ = {isa = PBXBuildFile; fileRef = F50D7CAA1994575C007AF3F8 /* MSDPlayerShipNode.m */; };
		F537E8461992FF0100E3BBC0 /* Foundation.framework in Frameworks */ = {isa = PBXBuildFile; fileRef = F537E8451992FF0100E3BBC0 /* Foundation.framework */; };
		F537E8481992FF0100E3BBC0 /* CoreGraphics.framework in Frameworks */ = {isa = PBXBuildFile; fileRef = F537E8471992FF0100E3BBC0 /* CoreGraphics.framework */; };
		F537E84A1992FF0100E3BBC0 /* UIKit.framework in Frameworks */ = {isa = PBXBuildFile; fileRef = F537E8491992FF0100E3BBC0 /* UIKit.framework */; };
		F537E84C1992FF0100E3BBC0 /* SpriteKit.framework in Frameworks */ = {isa = PBXBuildFile; fileRef = F537E84B1992FF0100E3BBC0 /* SpriteKit.framework */; };
		F537E8521992FF0100E3BBC0 /* InfoPlist.strings in Resources */ = {isa = PBXBuildFile; fileRef = F537E8501992FF0100E3BBC0 /* InfoPlist.strings */; };
		F537E8541992FF0100E3BBC0 /* main.m in Sources */ = {isa = PBXBuildFile; fileRef = F537E8531992FF0100E3BBC0 /* main.m */; };
		F537E8581992FF0100E3BBC0 /* MSDAppDelegate.m in Sources */ = {isa = PBXBuildFile; fileRef = F537E8571992FF0100E3BBC0 /* MSDAppDelegate.m */; };
		F537E85B1992FF0100E3BBC0 /* Main.storyboard in Resources */ = {isa = PBXBuildFile; fileRef = F537E8591992FF0100E3BBC0 /* Main.storyboard */; };
		F537E85E1992FF0100E3BBC0 /* MSDViewController.m in Sources */ = {isa = PBXBuildFile; fileRef = F537E85D1992FF0100E3BBC0 /* MSDViewController.m */; };
		F537E8611992FF0100E3BBC0 /* MSDTitleScene.m in Sources */ = {isa = PBXBuildFile; fileRef = F537E8601992FF0100E3BBC0 /* MSDTitleScene.m */; };
		F537E8651992FF0100E3BBC0 /* Images.xcassets in Resources */ = {isa = PBXBuildFile; fileRef = F537E8641992FF0100E3BBC0 /* Images.xcassets */; };
		F537E86C1992FF0200E3BBC0 /* XCTest.framework in Frameworks */ = {isa = PBXBuildFile; fileRef = F537E86B1992FF0200E3BBC0 /* XCTest.framework */; };
		F537E86D1992FF0200E3BBC0 /* Foundation.framework in Frameworks */ = {isa = PBXBuildFile; fileRef = F537E8451992FF0100E3BBC0 /* Foundation.framework */; };
		F537E86E1992FF0200E3BBC0 /* UIKit.framework in Frameworks */ = {isa = PBXBuildFile; fileRef = F537E8491992FF0100E3BBC0 /* UIKit.framework */; };
		F537E8761992FF0200E3BBC0 /* InfoPlist.strings in Resources */ = {isa = PBXBuildFile; fileRef = F537E8741992FF0200E3BBC0 /* InfoPlist.strings */; };
		F537E8781992FF0200E3BBC0 /* RockBlasterTests.m in Sources */ = {isa = PBXBuildFile; fileRef = F537E8771992FF0200E3BBC0 /* RockBlasterTests.m */; };
		F537E8841993005800E3BBC0 /* MSDBackgroundNode.m in Sources */ = {isa = PBXBuildFile; fileRef = F537E8831993005800E3BBC0 /* MSDBackgroundNode.m */; };
		F537E8861993097F00E3BBC0 /* Sprites.atlas in Resources */ = {isa = PBXBuildFile; fileRef = F537E8851993097F00E3BBC0 /* Sprites.atlas */; };
		F546CEF01997B95D00C301A2 /* EnemyAfterburner.sks in Resources */ = {isa = PBXBuildFile; fileRef = F546CEEE1997B95D00C301A2 /* EnemyAfterburner.sks */; };
		F546CEF41997C63F00C301A2 /* MSDEnemyNode.m in Sources */ = {isa = PBXBuildFile; fileRef = F546CEF31997C63F00C301A2 /* MSDEnemyNode.m */; };
		F54DB562199311EE00C78BF0 /* MSDTitleShipNode.m in Sources */ = {isa = PBXBuildFile; fileRef = F54DB561199311EE00C78BF0 /* MSDTitleShipNode.m */; };
		F54DB5681993146000C78BF0 /* Orbitron-Black.ttf in Resources */ = {isa = PBXBuildFile; fileRef = F54DB564199312C600C78BF0 /* Orbitron-Black.ttf */; };
		F54DB5691993146000C78BF0 /* Orbitron-Bold.ttf in Resources */ = {isa = PBXBuildFile; fileRef = F54DB565199312C600C78BF0 /* Orbitron-Bold.ttf */; };
		F54DB56A1993146000C78BF0 /* Orbitron-Medium.ttf in Resources */ = {isa = PBXBuildFile; fileRef = F54DB566199312C600C78BF0 /* Orbitron-Medium.ttf */; };
		F54DB56B1993146000C78BF0 /* Orbitron-Regular.ttf in Resources */ = {isa = PBXBuildFile; fileRef = F54DB567199312C600C78BF0 /* Orbitron-Regular.ttf */; };
		F558A0DF1995C64E001D032F /* MSDWallNode.m in Sources */ = {isa = PBXBuildFile; fileRef = F558A0DE1995C64E001D032F /* MSDWallNode.m */; };
		F56EAA45199660BB008EBE96 /* MSDHudNode.m in Sources */ = {isa = PBXBuildFile; fileRef = F56EAA44199660BB008EBE96 /* MSDHudNode.m */; };
		F56EAA4819966122008EBE96 /* MSDGameState.m in Sources */ = {isa = PBXBuildFile; fileRef = F56EAA4719966122008EBE96 /* MSDGameState.m */; };
		F57C87251994FC6A00ECA64A /* MSDProjectileNode.m in Sources */ = {isa = PBXBuildFile; fileRef = F57C87241994FC6A00ECA64A /* MSDProjectileNode.m */; };
		F57C872819950BF400ECA64A /* MSDAsteroidNode.m in Sources */ = {isa = PBXBuildFile; fileRef = F57C872719950BF400ECA64A /* MSDAsteroidNode.m */; };
		F57C872B19955A7D00ECA64A /* MSDBlasterUtil.m in Sources */ = {isa = PBXBuildFile; fileRef = F57C872A19955A7D00ECA64A /* MSDBlasterUtil.m */; };
		F57C872D19959E0400ECA64A /* CoreMotion.framework in Frameworks */ = {isa = PBXBuildFile; fileRef = F57C872C19959E0400ECA64A /* CoreMotion.framework */; };
		F57C87301995A77000ECA64A /* Explosion.sks in Resources */ = {isa = PBXBuildFile; fileRef = F57C872E1995A77000ECA64A /* Explosion.sks */; };
		F57C87311995A77000ECA64A /* spark.png in Resources */ = {isa = PBXBuildFile; fileRef = F57C872F1995A77000ECA64A /* spark.png */; };
		F5B00725199709D100D5A9DF /* MSDGameOverNode.m in Sources */ = {isa = PBXBuildFile; fileRef = F5B00724199709D100D5A9DF /* MSDGameOverNode.m */; };
		F5B00727199718D700D5A9DF /* Afterburner.sks in Resources */ = {isa = PBXBuildFile; fileRef = F5B00726199718D700D5A9DF /* Afterburner.sks */; };
/* End PBXBuildFile section */

/* Begin PBXContainerItemProxy section */
		F537E86F1992FF0200E3BBC0 /* PBXContainerItemProxy */ = {
			isa = PBXContainerItemProxy;
			containerPortal = F537E83A1992FF0100E3BBC0 /* Project object */;
			proxyType = 1;
			remoteGlobalIDString = F537E8411992FF0100E3BBC0;
			remoteInfo = RockBlaster;
		};
/* End PBXContainerItemProxy section */

/* Begin PBXFileReference section */
		F50D7CA619945410007AF3F8 /* MSDGameplayScene.h */ = {isa = PBXFileReference; fileEncoding = 4; lastKnownFileType = sourcecode.c.h; path = MSDGameplayScene.h; sourceTree = "<group>"; };
		F50D7CA719945410007AF3F8 /* MSDGameplayScene.m */ = {isa = PBXFileReference; fileEncoding = 4; lastKnownFileType = sourcecode.c.objc; path = MSDGameplayScene.m; sourceTree = "<group>"; };
		F50D7CA91994575C007AF3F8 /* MSDPlayerShipNode.h */ = {isa = PBXFileReference; fileEncoding = 4; lastKnownFileType = sourcecode.c.h; path = MSDPlayerShipNode.h; sourceTree = "<group>"; };
		F50D7CAA1994575C007AF3F8 /* MSDPlayerShipNode.m */ = {isa = PBXFileReference; fileEncoding = 4; lastKnownFileType = sourcecode.c.objc; path = MSDPlayerShipNode.m; sourceTree = "<group>"; };
		F537E8421992FF0100E3BBC0 /* RockBlaster.app */ = {isa = PBXFileReference; explicitFileType = wrapper.application; includeInIndex = 0; path = RockBlaster.app; sourceTree = BUILT_PRODUCTS_DIR; };
		F537E8451992FF0100E3BBC0 /* Foundation.framework */ = {isa = PBXFileReference; lastKnownFileType = wrapper.framework; name = Foundation.framework; path = System/Library/Frameworks/Foundation.framework; sourceTree = SDKROOT; };
		F537E8471992FF0100E3BBC0 /* CoreGraphics.framework */ = {isa = PBXFileReference; lastKnownFileType = wrapper.framework; name = CoreGraphics.framework; path = System/Library/Frameworks/CoreGraphics.framework; sourceTree = SDKROOT; };
		F537E8491992FF0100E3BBC0 /* UIKit.framework */ = {isa = PBXFileReference; lastKnownFileType = wrapper.framework; name = UIKit.framework; path = System/Library/Frameworks/UIKit.framework; sourceTree = SDKROOT; };
		F537E84B1992FF0100E3BBC0 /* SpriteKit.framework */ = {isa = PBXFileReference; lastKnownFileType = wrapper.framework; name = SpriteKit.framework; path = System/Library/Frameworks/SpriteKit.framework; sourceTree = SDKROOT; };
		F537E84F1992FF0100E3BBC0 /* RockBlaster-Info.plist */ = {isa = PBXFileReference; lastKnownFileType = text.plist.xml; path = "RockBlaster-Info.plist"; sourceTree = "<group>"; };
		F537E8511992FF0100E3BBC0 /* en */ = {isa = PBXFileReference; lastKnownFileType = text.plist.strings; name = en; path = en.lproj/InfoPlist.strings; sourceTree = "<group>"; };
		F537E8531992FF0100E3BBC0 /* main.m */ = {isa = PBXFileReference; lastKnownFileType = sourcecode.c.objc; path = main.m; sourceTree = "<group>"; };
		F537E8551992FF0100E3BBC0 /* RockBlaster-Prefix.pch */ = {isa = PBXFileReference; lastKnownFileType = sourcecode.c.h; path = "RockBlaster-Prefix.pch"; sourceTree = "<group>"; };
		F537E8561992FF0100E3BBC0 /* MSDAppDelegate.h */ = {isa = PBXFileReference; lastKnownFileType = sourcecode.c.h; path = MSDAppDelegate.h; sourceTree = "<group>"; };
		F537E8571992FF0100E3BBC0 /* MSDAppDelegate.m */ = {isa = PBXFileReference; lastKnownFileType = sourcecode.c.objc; path = MSDAppDelegate.m; sourceTree = "<group>"; };
		F537E85A1992FF0100E3BBC0 /* Base */ = {isa = PBXFileReference; lastKnownFileType = file.storyboard; name = Base; path = Base.lproj/Main.storyboard; sourceTree = "<group>"; };
		F537E85C1992FF0100E3BBC0 /* MSDViewController.h */ = {isa = PBXFileReference; lastKnownFileType = sourcecode.c.h; path = MSDViewController.h; sourceTree = "<group>"; };
		F537E85D1992FF0100E3BBC0 /* MSDViewController.m */ = {isa = PBXFileReference; lastKnownFileType = sourcecode.c.objc; path = MSDViewController.m; sourceTree = "<group>"; };
		F537E85F1992FF0100E3BBC0 /* MSDTitleScene.h */ = {isa = PBXFileReference; lastKnownFileType = sourcecode.c.h; path = MSDTitleScene.h; sourceTree = "<group>"; };
		F537E8601992FF0100E3BBC0 /* MSDTitleScene.m */ = {isa = PBXFileReference; lastKnownFileType = sourcecode.c.objc; path = MSDTitleScene.m; sourceTree = "<group>"; };
		F537E8641992FF0100E3BBC0 /* Images.xcassets */ = {isa = PBXFileReference; lastKnownFileType = folder.assetcatalog; path = Images.xcassets; sourceTree = "<group>"; };
		F537E86A1992FF0200E3BBC0 /* RockBlasterTests.xctest */ = {isa = PBXFileReference; explicitFileType = wrapper.cfbundle; includeInIndex = 0; path = RockBlasterTests.xctest; sourceTree = BUILT_PRODUCTS_DIR; };
		F537E86B1992FF0200E3BBC0 /* XCTest.framework */ = {isa = PBXFileReference; lastKnownFileType = wrapper.framework; name = XCTest.framework; path = Library/Frameworks/XCTest.framework; sourceTree = DEVELOPER_DIR; };
		F537E8731992FF0200E3BBC0 /* RockBlasterTests-Info.plist */ = {isa = PBXFileReference; lastKnownFileType = text.plist.xml; path = "RockBlasterTests-Info.plist"; sourceTree = "<group>"; };
		F537E8751992FF0200E3BBC0 /* en */ = {isa = PBXFileReference; lastKnownFileType = text.plist.strings; name = en; path = en.lproj/InfoPlist.strings; sourceTree = "<group>"; };
		F537E8771992FF0200E3BBC0 /* RockBlasterTests.m */ = {isa = PBXFileReference; lastKnownFileType = sourcecode.c.objc; path = RockBlasterTests.m; sourceTree = "<group>"; };
		F537E8821993005800E3BBC0 /* MSDBackgroundNode.h */ = {isa = PBXFileReference; fileEncoding = 4; lastKnownFileType = sourcecode.c.h; path = MSDBackgroundNode.h; sourceTree = "<group>"; };
		F537E8831993005800E3BBC0 /* MSDBackgroundNode.m */ = {isa = PBXFileReference; fileEncoding = 4; lastKnownFileType = sourcecode.c.objc; path = MSDBackgroundNode.m; sourceTree = "<group>"; };
		F537E8851993097F00E3BBC0 /* Sprites.atlas */ = {isa = PBXFileReference; lastKnownFileType = folder.skatlas; path = Sprites.atlas; sourceTree = "<group>"; };
		F546CEEE1997B95D00C301A2 /* EnemyAfterburner.sks */ = {isa = PBXFileReference; lastKnownFileType = file.sks; name = EnemyAfterburner.sks; path = ../EnemyAfterburner.sks; sourceTree = "<group>"; };
		F546CEF21997C63F00C301A2 /* MSDEnemyNode.h */ = {isa = PBXFileReference; fileEncoding = 4; lastKnownFileType = sourcecode.c.h; path = MSDEnemyNode.h; sourceTree = "<group>"; };
		F546CEF31997C63F00C301A2 /* MSDEnemyNode.m */ = {isa = PBXFileReference; fileEncoding = 4; lastKnownFileType = sourcecode.c.objc; path = MSDEnemyNode.m; sourceTree = "<group>"; };
		F54DB560199311EE00C78BF0 /* MSDTitleShipNode.h */ = {isa = PBXFileReference; fileEncoding = 4; lastKnownFileType = sourcecode.c.h; path = MSDTitleShipNode.h; sourceTree = "<group>"; };
		F54DB561199311EE00C78BF0 /* MSDTitleShipNode.m */ = {isa = PBXFileReference; fileEncoding = 4; lastKnownFileType = sourcecode.c.objc; path = MSDTitleShipNode.m; sourceTree = "<group>"; };
		F54DB564199312C600C78BF0 /* Orbitron-Black.ttf */ = {isa = PBXFileReference; lastKnownFileType = file; path = "Orbitron-Black.ttf"; sourceTree = "<group>"; };
		F54DB565199312C600C78BF0 /* Orbitron-Bold.ttf */ = {isa = PBXFileReference; lastKnownFileType = file; path = "Orbitron-Bold.ttf"; sourceTree = "<group>"; };
		F54DB566199312C600C78BF0 /* Orbitron-Medium.ttf */ = {isa = PBXFileReference; lastKnownFileType = file; path = "Orbitron-Medium.ttf"; sourceTree = "<group>"; };
		F54DB567199312C600C78BF0 /* Orbitron-Regular.ttf */ = {isa = PBXFileReference; lastKnownFileType = file; path = "Orbitron-Regular.ttf"; sourceTree = "<group>"; };
		F558A0DD1995C64E001D032F /* MSDWallNode.h */ = {isa = PBXFileReference; fileEncoding = 4; lastKnownFileType = sourcecode.c.h; path = MSDWallNode.h; sourceTree = "<group>"; };
		F558A0DE1995C64E001D032F /* MSDWallNode.m */ = {isa = PBXFileReference; fileEncoding = 4; lastKnownFileType = sourcecode.c.objc; path = MSDWallNode.m; sourceTree = "<group>"; };
		F56EAA43199660BB008EBE96 /* MSDHudNode.h */ = {isa = PBXFileReference; fileEncoding = 4; lastKnownFileType = sourcecode.c.h; path = MSDHudNode.h; sourceTree = "<group>"; };
		F56EAA44199660BB008EBE96 /* MSDHudNode.m */ = {isa = PBXFileReference; fileEncoding = 4; lastKnownFileType = sourcecode.c.objc; path = MSDHudNode.m; sourceTree = "<group>"; };
		F56EAA4619966122008EBE96 /* MSDGameState.h */ = {isa = PBXFileReference; fileEncoding = 4; lastKnownFileType = sourcecode.c.h; path = MSDGameState.h; sourceTree = "<group>"; };
		F56EAA4719966122008EBE96 /* MSDGameState.m */ = {isa = PBXFileReference; fileEncoding = 4; lastKnownFileType = sourcecode.c.objc; path = MSDGameState.m; sourceTree = "<group>"; };
		F56EAA9319966679008EBE96 /* MSDGameStateDelegate.h */ = {isa = PBXFileReference; lastKnownFileType = sourcecode.c.h; path = MSDGameStateDelegate.h; sourceTree = "<group>"; };
		F57C87231994FC6A00ECA64A /* MSDProjectileNode.h */ = {isa = PBXFileReference; fileEncoding = 4; lastKnownFileType = sourcecode.c.h; path = MSDProjectileNode.h; sourceTree = "<group>"; };
		F57C87241994FC6A00ECA64A /* MSDProjectileNode.m */ = {isa = PBXFileReference; fileEncoding = 4; lastKnownFileType = sourcecode.c.objc; path = MSDProjectileNode.m; sourceTree = "<group>"; };
		F57C872619950BF400ECA64A /* MSDAsteroidNode.h */ = {isa = PBXFileReference; fileEncoding = 4; lastKnownFileType = sourcecode.c.h; path = MSDAsteroidNode.h; sourceTree = "<group>"; };
		F57C872719950BF400ECA64A /* MSDAsteroidNode.m */ = {isa = PBXFileReference; fileEncoding = 4; lastKnownFileType = sourcecode.c.objc; path = MSDAsteroidNode.m; sourceTree = "<group>"; };
		F57C872919955A7D00ECA64A /* MSDBlasterUtil.h */ = {isa = PBXFileReference; fileEncoding = 4; lastKnownFileType = sourcecode.c.h; path = MSDBlasterUtil.h; sourceTree = "<group>"; };
		F57C872A19955A7D00ECA64A /* MSDBlasterUtil.m */ = {isa = PBXFileReference; fileEncoding = 4; lastKnownFileType = sourcecode.c.objc; path = MSDBlasterUtil.m; sourceTree = "<group>"; };
		F57C872C19959E0400ECA64A /* CoreMotion.framework */ = {isa = PBXFileReference; lastKnownFileType = wrapper.framework; name = CoreMotion.framework; path = System/Library/Frameworks/CoreMotion.framework; sourceTree = SDKROOT; };
		F57C872E1995A77000ECA64A /* Explosion.sks */ = {isa = PBXFileReference; lastKnownFileType = file.sks; path = Explosion.sks; sourceTree = "<group>"; };
		F57C872F1995A77000ECA64A /* spark.png */ = {isa = PBXFileReference; lastKnownFileType = image.png; path = spark.png; sourceTree = "<group>"; };
		F5B007221997084400D5A9DF /* MSDGameOverDelegate.h */ = {isa = PBXFileReference; lastKnownFileType = sourcecode.c.h; path = MSDGameOverDelegate.h; sourceTree = "<group>"; };
		F5B00723199709D100D5A9DF /* MSDGameOverNode.h */ = {isa = PBXFileReference; fileEncoding = 4; lastKnownFileType = sourcecode.c.h; path = MSDGameOverNode.h; sourceTree = "<group>"; };
		F5B00724199709D100D5A9DF /* MSDGameOverNode.m */ = {isa = PBXFileReference; fileEncoding = 4; lastKnownFileType = sourcecode.c.objc; path = MSDGameOverNode.m; sourceTree = "<group>"; };
		F5B00726199718D700D5A9DF /* Afterburner.sks */ = {isa = PBXFileReference; lastKnownFileType = file.sks; path = Afterburner.sks; sourceTree = "<group>"; };
/* End PBXFileReference section */

/* Begin PBXFrameworksBuildPhase section */
		F537E83F1992FF0100E3BBC0 /* Frameworks */ = {
			isa = PBXFrameworksBuildPhase;
			buildActionMask = 2147483647;
			files = (
				F57C872D19959E0400ECA64A /* CoreMotion.framework in Frameworks */,
				F537E8481992FF0100E3BBC0 /* CoreGraphics.framework in Frameworks */,
				F537E84A1992FF0100E3BBC0 /* UIKit.framework in Frameworks */,
				F537E84C1992FF0100E3BBC0 /* SpriteKit.framework in Frameworks */,
				F537E8461992FF0100E3BBC0 /* Foundation.framework in Frameworks */,
			);
			runOnlyForDeploymentPostprocessing = 0;
		};
		F537E8671992FF0200E3BBC0 /* Frameworks */ = {
			isa = PBXFrameworksBuildPhase;
			buildActionMask = 2147483647;
			files = (
				F537E86C1992FF0200E3BBC0 /* XCTest.framework in Frameworks */,
				F537E86E1992FF0200E3BBC0 /* UIKit.framework in Frameworks */,
				F537E86D1992FF0200E3BBC0 /* Foundation.framework in Frameworks */,
			);
			runOnlyForDeploymentPostprocessing = 0;
		};
/* End PBXFrameworksBuildPhase section */

/* Begin PBXGroup section */
		F537E8391992FF0100E3BBC0 = {
			isa = PBXGroup;
			children = (
				F537E84D1992FF0100E3BBC0 /* RockBlaster */,
				F537E8711992FF0200E3BBC0 /* RockBlasterTests */,
				F537E8441992FF0100E3BBC0 /* Frameworks */,
				F537E8431992FF0100E3BBC0 /* Products */,
			);
			sourceTree = "<group>";
		};
		F537E8431992FF0100E3BBC0 /* Products */ = {
			isa = PBXGroup;
			children = (
				F537E8421992FF0100E3BBC0 /* RockBlaster.app */,
				F537E86A1992FF0200E3BBC0 /* RockBlasterTests.xctest */,
			);
			name = Products;
			sourceTree = "<group>";
		};
		F537E8441992FF0100E3BBC0 /* Frameworks */ = {
			isa = PBXGroup;
			children = (
				F57C872C19959E0400ECA64A /* CoreMotion.framework */,
				F537E8451992FF0100E3BBC0 /* Foundation.framework */,
				F537E8471992FF0100E3BBC0 /* CoreGraphics.framework */,
				F537E8491992FF0100E3BBC0 /* UIKit.framework */,
				F537E84B1992FF0100E3BBC0 /* SpriteKit.framework */,
				F537E86B1992FF0200E3BBC0 /* XCTest.framework */,
			);
			name = Frameworks;
			sourceTree = "<group>";
		};
		F537E84D1992FF0100E3BBC0 /* RockBlaster */ = {
			isa = PBXGroup;
			children = (
				F546CEEE1997B95D00C301A2 /* EnemyAfterburner.sks */,
				F54DB563199312BC00C78BF0 /* Fonts */,
				F537E8561992FF0100E3BBC0 /* MSDAppDelegate.h */,
				F537E8571992FF0100E3BBC0 /* MSDAppDelegate.m */,
				F537E8591992FF0100E3BBC0 /* Main.storyboard */,
				F537E85C1992FF0100E3BBC0 /* MSDViewController.h */,
				F537E85D1992FF0100E3BBC0 /* MSDViewController.m */,
				F537E85F1992FF0100E3BBC0 /* MSDTitleScene.h */,
				F537E8601992FF0100E3BBC0 /* MSDTitleScene.m */,
				F537E8851993097F00E3BBC0 /* Sprites.atlas */,
				F537E8641992FF0100E3BBC0 /* Images.xcassets */,
				F537E84E1992FF0100E3BBC0 /* Supporting Files */,
				F537E8821993005800E3BBC0 /* MSDBackgroundNode.h */,
				F537E8831993005800E3BBC0 /* MSDBackgroundNode.m */,
				F54DB560199311EE00C78BF0 /* MSDTitleShipNode.h */,
				F54DB561199311EE00C78BF0 /* MSDTitleShipNode.m */,
				F50D7CA619945410007AF3F8 /* MSDGameplayScene.h */,
				F50D7CA719945410007AF3F8 /* MSDGameplayScene.m */,
				F50D7CA91994575C007AF3F8 /* MSDPlayerShipNode.h */,
				F50D7CAA1994575C007AF3F8 /* MSDPlayerShipNode.m */,
				F57C87231994FC6A00ECA64A /* MSDProjectileNode.h */,
				F57C87241994FC6A00ECA64A /* MSDProjectileNode.m */,
				F57C872619950BF400ECA64A /* MSDAsteroidNode.h */,
				F57C872719950BF400ECA64A /* MSDAsteroidNode.m */,
				F57C872919955A7D00ECA64A /* MSDBlasterUtil.h */,
				F57C872A19955A7D00ECA64A /* MSDBlasterUtil.m */,
				F57C872E1995A77000ECA64A /* Explosion.sks */,
				F57C872F1995A77000ECA64A /* spark.png */,
				F558A0DD1995C64E001D032F /* MSDWallNode.h */,
				F558A0DE1995C64E001D032F /* MSDWallNode.m */,
				F56EAA43199660BB008EBE96 /* MSDHudNode.h */,
				F56EAA44199660BB008EBE96 /* MSDHudNode.m */,
				F56EAA4619966122008EBE96 /* MSDGameState.h */,
				F56EAA4719966122008EBE96 /* MSDGameState.m */,
				F56EAA9319966679008EBE96 /* MSDGameStateDelegate.h */,
				F5B007221997084400D5A9DF /* MSDGameOverDelegate.h */,
				F5B00723199709D100D5A9DF /* MSDGameOverNode.h */,
				F5B00724199709D100D5A9DF /* MSDGameOverNode.m */,
				F5B00726199718D700D5A9DF /* Afterburner.sks */,
				F546CEF21997C63F00C301A2 /* MSDEnemyNode.h */,
				F546CEF31997C63F00C301A2 /* MSDEnemyNode.m */,
			);
			path = RockBlaster;
			sourceTree = "<group>";
		};
		F537E84E1992FF0100E3BBC0 /* Supporting Files */ = {
			isa = PBXGroup;
			children = (
				F537E84F1992FF0100E3BBC0 /* RockBlaster-Info.plist */,
				F537E8501992FF0100E3BBC0 /* InfoPlist.strings */,
				F537E8531992FF0100E3BBC0 /* main.m */,
				F537E8551992FF0100E3BBC0 /* RockBlaster-Prefix.pch */,
			);
			name = "Supporting Files";
			sourceTree = "<group>";
		};
		F537E8711992FF0200E3BBC0 /* RockBlasterTests */ = {
			isa = PBXGroup;
			children = (
				F537E8771992FF0200E3BBC0 /* RockBlasterTests.m */,
				F537E8721992FF0200E3BBC0 /* Supporting Files */,
			);
			path = RockBlasterTests;
			sourceTree = "<group>";
		};
		F537E8721992FF0200E3BBC0 /* Supporting Files */ = {
			isa = PBXGroup;
			children = (
				F537E8731992FF0200E3BBC0 /* RockBlasterTests-Info.plist */,
				F537E8741992FF0200E3BBC0 /* InfoPlist.strings */,
			);
			name = "Supporting Files";
			sourceTree = "<group>";
		};
		F54DB563199312BC00C78BF0 /* Fonts */ = {
			isa = PBXGroup;
			children = (
				F54DB564199312C600C78BF0 /* Orbitron-Black.ttf */,
				F54DB565199312C600C78BF0 /* Orbitron-Bold.ttf */,
				F54DB566199312C600C78BF0 /* Orbitron-Medium.ttf */,
				F54DB567199312C600C78BF0 /* Orbitron-Regular.ttf */,
			);
			name = Fonts;
			sourceTree = "<group>";
		};
/* End PBXGroup section */

/* Begin PBXNativeTarget section */
		F537E8411992FF0100E3BBC0 /* RockBlaster */ = {
			isa = PBXNativeTarget;
			buildConfigurationList = F537E87B1992FF0200E3BBC0 /* Build configuration list for PBXNativeTarget "RockBlaster" */;
			buildPhases = (
				F537E83E1992FF0100E3BBC0 /* Sources */,
				F537E83F1992FF0100E3BBC0 /* Frameworks */,
				F537E8401992FF0100E3BBC0 /* Resources */,
			);
			buildRules = (
			);
			dependencies = (
			);
			name = RockBlaster;
			productName = RockBlaster;
			productReference = F537E8421992FF0100E3BBC0 /* RockBlaster.app */;
			productType = "com.apple.product-type.application";
		};
		F537E8691992FF0200E3BBC0 /* RockBlasterTests */ = {
			isa = PBXNativeTarget;
			buildConfigurationList = F537E87E1992FF0200E3BBC0 /* Build configuration list for PBXNativeTarget "RockBlasterTests" */;
			buildPhases = (
				F537E8661992FF0200E3BBC0 /* Sources */,
				F537E8671992FF0200E3BBC0 /* Frameworks */,
				F537E8681992FF0200E3BBC0 /* Resources */,
			);
			buildRules = (
			);
			dependencies = (
				F537E8701992FF0200E3BBC0 /* PBXTargetDependency */,
			);
			name = RockBlasterTests;
			productName = RockBlasterTests;
			productReference = F537E86A1992FF0200E3BBC0 /* RockBlasterTests.xctest */;
			productType = "com.apple.product-type.bundle.unit-test";
		};
/* End PBXNativeTarget section */

/* Begin PBXProject section */
		F537E83A1992FF0100E3BBC0 /* Project object */ = {
			isa = PBXProject;
			attributes = {
				CLASSPREFIX = MSD;
				LastUpgradeCheck = 0510;
				ORGANIZATIONNAME = "Matthew Dobson";
				TargetAttributes = {
					F537E8691992FF0200E3BBC0 = {
						TestTargetID = F537E8411992FF0100E3BBC0;
					};
				};
			};
			buildConfigurationList = F537E83D1992FF0100E3BBC0 /* Build configuration list for PBXProject "RockBlaster" */;
			compatibilityVersion = "Xcode 3.2";
			developmentRegion = English;
			hasScannedForEncodings = 0;
			knownRegions = (
				en,
				Base,
			);
			mainGroup = F537E8391992FF0100E3BBC0;
			productRefGroup = F537E8431992FF0100E3BBC0 /* Products */;
			projectDirPath = "";
			projectRoot = "";
			targets = (
				F537E8411992FF0100E3BBC0 /* RockBlaster */,
				F537E8691992FF0200E3BBC0 /* RockBlasterTests */,
			);
		};
/* End PBXProject section */

/* Begin PBXResourcesBuildPhase section */
		F537E8401992FF0100E3BBC0 /* Resources */ = {
			isa = PBXResourcesBuildPhase;
			buildActionMask = 2147483647;
			files = (
				F54DB5681993146000C78BF0 /* Orbitron-Black.ttf in Resources */,
				F546CEF01997B95D00C301A2 /* EnemyAfterburner.sks in Resources */,
				F54DB5691993146000C78BF0 /* Orbitron-Bold.ttf in Resources */,
				F54DB56A1993146000C78BF0 /* Orbitron-Medium.ttf in Resources */,
				F54DB56B1993146000C78BF0 /* Orbitron-Regular.ttf in Resources */,
				F537E8521992FF0100E3BBC0 /* InfoPlist.strings in Resources */,
				F5B00727199718D700D5A9DF /* Afterburner.sks in Resources */,
				F57C87311995A77000ECA64A /* spark.png in Resources */,
				F537E8651992FF0100E3BBC0 /* Images.xcassets in Resources */,
				F537E8861993097F00E3BBC0 /* Sprites.atlas in Resources */,
				F537E85B1992FF0100E3BBC0 /* Main.storyboard in Resources */,
				F57C87301995A77000ECA64A /* Explosion.sks in Resources */,
			);
			runOnlyForDeploymentPostprocessing = 0;
		};
		F537E8681992FF0200E3BBC0 /* Resources */ = {
			isa = PBXResourcesBuildPhase;
			buildActionMask = 2147483647;
			files = (
				F537E8761992FF0200E3BBC0 /* InfoPlist.strings in Resources */,
			);
			runOnlyForDeploymentPostprocessing = 0;
		};
/* End PBXResourcesBuildPhase section */

/* Begin PBXSourcesBuildPhase section */
		F537E83E1992FF0100E3BBC0 /* Sources */ = {
			isa = PBXSourcesBuildPhase;
			buildActionMask = 2147483647;
			files = (
				F57C872B19955A7D00ECA64A /* MSDBlasterUtil.m in Sources */,
				F546CEF41997C63F00C301A2 /* MSDEnemyNode.m in Sources */,
				F537E8541992FF0100E3BBC0 /* main.m in Sources */,
				F50D7CAB1994575C007AF3F8 /* MSDPlayerShipNode.m in Sources */,
				F54DB562199311EE00C78BF0 /* MSDTitleShipNode.m in Sources */,
				F537E8581992FF0100E3BBC0 /* MSDAppDelegate.m in Sources */,
				F537E8841993005800E3BBC0 /* MSDBackgroundNode.m in Sources */,
				F558A0DF1995C64E001D032F /* MSDWallNode.m in Sources */,
				F56EAA45199660BB008EBE96 /* MSDHudNode.m in Sources */,
				F50D7CA819945410007AF3F8 /* MSDGameplayScene.m in Sources */,
				F5B00725199709D100D5A9DF /* MSDGameOverNode.m in Sources */,
				F537E85E1992FF0100E3BBC0 /* MSDViewController.m in Sources */,
				F56EAA4819966122008EBE96 /* MSDGameState.m in Sources */,
				F57C872819950BF400ECA64A /* MSDAsteroidNode.m in Sources */,
				F537E8611992FF0100E3BBC0 /* MSDTitleScene.m in Sources */,
				F57C87251994FC6A00ECA64A /* MSDProjectileNode.m in Sources */,
			);
			runOnlyForDeploymentPostprocessing = 0;
		};
		F537E8661992FF0200E3BBC0 /* Sources */ = {
			isa = PBXSourcesBuildPhase;
			buildActionMask = 2147483647;
			files = (
				F537E8781992FF0200E3BBC0 /* RockBlasterTests.m in Sources */,
			);
			runOnlyForDeploymentPostprocessing = 0;
		};
/* End PBXSourcesBuildPhase section */

/* Begin PBXTargetDependency section */
		F537E8701992FF0200E3BBC0 /* PBXTargetDependency */ = {
			isa = PBXTargetDependency;
			target = F537E8411992FF0100E3BBC0 /* RockBlaster */;
			targetProxy = F537E86F1992FF0200E3BBC0 /* PBXContainerItemProxy */;
		};
/* End PBXTargetDependency section */

/* Begin PBXVariantGroup section */
		F537E8501992FF0100E3BBC0 /* InfoPlist.strings */ = {
			isa = PBXVariantGroup;
			children = (
				F537E8511992FF0100E3BBC0 /* en */,
			);
			name = InfoPlist.strings;
			sourceTree = "<group>";
		};
		F537E8591992FF0100E3BBC0 /* Main.storyboard */ = {
			isa = PBXVariantGroup;
			children = (
				F537E85A1992FF0100E3BBC0 /* Base */,
			);
			name = Main.storyboard;
			sourceTree = "<group>";
		};
		F537E8741992FF0200E3BBC0 /* InfoPlist.strings */ = {
			isa = PBXVariantGroup;
			children = (
				F537E8751992FF0200E3BBC0 /* en */,
			);
			name = InfoPlist.strings;
			sourceTree = "<group>";
		};
/* End PBXVariantGroup section */

/* Begin XCBuildConfiguration section */
		F537E8791992FF0200E3BBC0 /* Debug */ = {
			isa = XCBuildConfiguration;
			buildSettings = {
				ALWAYS_SEARCH_USER_PATHS = NO;
				CLANG_CXX_LANGUAGE_STANDARD = "gnu++0x";
				CLANG_CXX_LIBRARY = "libc++";
				CLANG_ENABLE_MODULES = YES;
				CLANG_ENABLE_OBJC_ARC = YES;
				CLANG_WARN_BOOL_CONVERSION = YES;
				CLANG_WARN_CONSTANT_CONVERSION = YES;
				CLANG_WARN_DIRECT_OBJC_ISA_USAGE = YES_ERROR;
				CLANG_WARN_EMPTY_BODY = YES;
				CLANG_WARN_ENUM_CONVERSION = YES;
				CLANG_WARN_INT_CONVERSION = YES;
				CLANG_WARN_OBJC_ROOT_CLASS = YES_ERROR;
				CLANG_WARN__DUPLICATE_METHOD_MATCH = YES;
				"CODE_SIGN_IDENTITY[sdk=iphoneos*]" = "iPhone Developer";
				COPY_PHASE_STRIP = NO;
				GCC_C_LANGUAGE_STANDARD = gnu99;
				GCC_DYNAMIC_NO_PIC = NO;
				GCC_OPTIMIZATION_LEVEL = 0;
				GCC_PREPROCESSOR_DEFINITIONS = (
					"DEBUG=1",
					"$(inherited)",
				);
				GCC_SYMBOLS_PRIVATE_EXTERN = NO;
				GCC_WARN_64_TO_32_BIT_CONVERSION = YES;
				GCC_WARN_ABOUT_RETURN_TYPE = YES_ERROR;
				GCC_WARN_UNDECLARED_SELECTOR = YES;
				GCC_WARN_UNINITIALIZED_AUTOS = YES_AGGRESSIVE;
				GCC_WARN_UNUSED_FUNCTION = YES;
				GCC_WARN_UNUSED_VARIABLE = YES;
				IPHONEOS_DEPLOYMENT_TARGET = 7.1;
				ONLY_ACTIVE_ARCH = YES;
				SDKROOT = iphoneos;
			};
			name = Debug;
		};
		F537E87A1992FF0200E3BBC0 /* Release */ = {
			isa = XCBuildConfiguration;
			buildSettings = {
				ALWAYS_SEARCH_USER_PATHS = NO;
				CLANG_CXX_LANGUAGE_STANDARD = "gnu++0x";
				CLANG_CXX_LIBRARY = "libc++";
				CLANG_ENABLE_MODULES = YES;
				CLANG_ENABLE_OBJC_ARC = YES;
				CLANG_WARN_BOOL_CONVERSION = YES;
				CLANG_WARN_CONSTANT_CONVERSION = YES;
				CLANG_WARN_DIRECT_OBJC_ISA_USAGE = YES_ERROR;
				CLANG_WARN_EMPTY_BODY = YES;
				CLANG_WARN_ENUM_CONVERSION = YES;
				CLANG_WARN_INT_CONVERSION = YES;
				CLANG_WARN_OBJC_ROOT_CLASS = YES_ERROR;
				CLANG_WARN__DUPLICATE_METHOD_MATCH = YES;
				"CODE_SIGN_IDENTITY[sdk=iphoneos*]" = "iPhone Developer";
				COPY_PHASE_STRIP = YES;
				ENABLE_NS_ASSERTIONS = NO;
				GCC_C_LANGUAGE_STANDARD = gnu99;
				GCC_WARN_64_TO_32_BIT_CONVERSION = YES;
				GCC_WARN_ABOUT_RETURN_TYPE = YES_ERROR;
				GCC_WARN_UNDECLARED_SELECTOR = YES;
				GCC_WARN_UNINITIALIZED_AUTOS = YES_AGGRESSIVE;
				GCC_WARN_UNUSED_FUNCTION = YES;
				GCC_WARN_UNUSED_VARIABLE = YES;
				IPHONEOS_DEPLOYMENT_TARGET = 7.1;
				SDKROOT = iphoneos;
				VALIDATE_PRODUCT = YES;
			};
			name = Release;
		};
		F537E87C1992FF0200E3BBC0 /* Debug */ = {
			isa = XCBuildConfiguration;
			buildSettings = {
				ASSETCATALOG_COMPILER_APPICON_NAME = AppIcon;
				ASSETCATALOG_COMPILER_LAUNCHIMAGE_NAME = LaunchImage;
				GCC_PRECOMPILE_PREFIX_HEADER = YES;
				GCC_PREFIX_HEADER = "RockBlaster/RockBlaster-Prefix.pch";
				INFOPLIST_FILE = "RockBlaster/RockBlaster-Info.plist";
				IPHONEOS_DEPLOYMENT_TARGET = 7.1;
				PRODUCT_NAME = "$(TARGET_NAME)";
				SPRITEKIT_TEXTURE_ATLAS_OUTPUT = YES;
				TARGETED_DEVICE_FAMILY = 1;
				WRAPPER_EXTENSION = app;
			};
			name = Debug;
		};
		F537E87D1992FF0200E3BBC0 /* Release */ = {
			isa = XCBuildConfiguration;
			buildSettings = {
				ASSETCATALOG_COMPILER_APPICON_NAME = AppIcon;
				ASSETCATALOG_COMPILER_LAUNCHIMAGE_NAME = LaunchImage;
				GCC_PRECOMPILE_PREFIX_HEADER = YES;
				GCC_PREFIX_HEADER = "RockBlaster/RockBlaster-Prefix.pch";
				INFOPLIST_FILE = "RockBlaster/RockBlaster-Info.plist";
				IPHONEOS_DEPLOYMENT_TARGET = 7.1;
				PRODUCT_NAME = "$(TARGET_NAME)";
				SPRITEKIT_TEXTURE_ATLAS_OUTPUT = YES;
				TARGETED_DEVICE_FAMILY = 1;
				WRAPPER_EXTENSION = app;
			};
			name = Release;
		};
		F537E87F1992FF0200E3BBC0 /* Debug */ = {
			isa = XCBuildConfiguration;
			buildSettings = {
				BUNDLE_LOADER = "$(BUILT_PRODUCTS_DIR)/RockBlaster.app/RockBlaster";
				FRAMEWORK_SEARCH_PATHS = (
					"$(SDKROOT)/Developer/Library/Frameworks",
					"$(inherited)",
					"$(DEVELOPER_FRAMEWORKS_DIR)",
				);
				GCC_PRECOMPILE_PREFIX_HEADER = YES;
				GCC_PREFIX_HEADER = "RockBlaster/RockBlaster-Prefix.pch";
				GCC_PREPROCESSOR_DEFINITIONS = (
					"DEBUG=1",
					"$(inherited)",
				);
				INFOPLIST_FILE = "RockBlasterTests/RockBlasterTests-Info.plist";
				PRODUCT_NAME = "$(TARGET_NAME)";
				TEST_HOST = "$(BUNDLE_LOADER)";
				WRAPPER_EXTENSION = xctest;
			};
			name = Debug;
		};
		F537E8801992FF0200E3BBC0 /* Release */ = {
			isa = XCBuildConfiguration;
			buildSettings = {
				BUNDLE_LOADER = "$(BUILT_PRODUCTS_DIR)/RockBlaster.app/RockBlaster";
				FRAMEWORK_SEARCH_PATHS = (
					"$(SDKROOT)/Developer/Library/Frameworks",
					"$(inherited)",
					"$(DEVELOPER_FRAMEWORKS_DIR)",
				);
				GCC_PRECOMPILE_PREFIX_HEADER = YES;
				GCC_PREFIX_HEADER = "RockBlaster/RockBlaster-Prefix.pch";
				INFOPLIST_FILE = "RockBlasterTests/RockBlasterTests-Info.plist";
				PRODUCT_NAME = "$(TARGET_NAME)";
				TEST_HOST = "$(BUNDLE_LOADER)";
				WRAPPER_EXTENSION = xctest;
			};
			name = Release;
		};
/* End XCBuildConfiguration section */

/* Begin XCConfigurationList section */
		F537E83D1992FF0100E3BBC0 /* Build configuration list for PBXProject "RockBlaster" */ = {
			isa = XCConfigurationList;
			buildConfigurations = (
				F537E8791992FF0200E3BBC0 /* Debug */,
				F537E87A1992FF0200E3BBC0 /* Release */,
			);
			defaultConfigurationIsVisible = 0;
			defaultConfigurationName = Release;
		};
		F537E87B1992FF0200E3BBC0 /* Build configuration list for PBXNativeTarget "RockBlaster" */ = {
			isa = XCConfigurationList;
			buildConfigurations = (
				F537E87C1992FF0200E3BBC0 /* Debug */,
				F537E87D1992FF0200E3BBC0 /* Release */,
			);
			defaultConfigurationIsVisible = 0;
			defaultConfigurationName = Release;
		};
		F537E87E1992FF0200E3BBC0 /* Build configuration list for PBXNativeTarget "RockBlasterTests" */ = {
			isa = XCConfigurationList;
			buildConfigurations = (
				F537E87F1992FF0200E3BBC0 /* Debug */,
				F537E8801992FF0200E3BBC0 /* Release */,
			);
			defaultConfigurationIsVisible = 0;
			defaultConfigurationName = Release;
		};
/* End XCConfigurationList section */
	};
	rootObject = F537E83A1992FF0100E3BBC0 /* Project object */;
}
